
Microsoft Visual Studio Solution File, Format Version 12.00
# Visual Studio 15
VisualStudioVersion = 15.0.28307.271
MinimumVisualStudioVersion = 10.0.40219.1
Project("{FAE04EC0-301F-11D3-BF4B-00C04F79EFBC}") = "StreletzNoticeBoard", "StreletzNoticeBoard\StreletzNoticeBoard.csproj", "{53B210FE-7083-45CA-8C58-9C3C5882965A}"
	ProjectSection(ProjectDependencies) = postProject
		{673F3634-E7E8-4523-A823-1FAA701AD118} = {673F3634-E7E8-4523-A823-1FAA701AD118}
	EndProjectSection
EndProject
Project("{FAE04EC0-301F-11D3-BF4B-00C04F79EFBC}") = "DataAccess", "DataAccess\DataAccess.csproj", "{673F3634-E7E8-4523-A823-1FAA701AD118}"
EndProject
Global
	GlobalSection(SolutionConfigurationPlatforms) = preSolution
		Debug|Any CPU = Debug|Any CPU
		Release|Any CPU = Release|Any CPU
	EndGlobalSection
	GlobalSection(ProjectConfigurationPlatforms) = postSolution
		{53B210FE-7083-45CA-8C58-9C3C5882965A}.Debug|Any CPU.ActiveCfg = Debug|Any CPU
		{53B210FE-7083-45CA-8C58-9C3C5882965A}.Debug|Any CPU.Build.0 = Debug|Any CPU
		{53B210FE-7083-45CA-8C58-9C3C5882965A}.Release|Any CPU.ActiveCfg = Release|Any CPU
		{53B210FE-7083-45CA-8C58-9C3C5882965A}.Release|Any CPU.Build.0 = Release|Any CPU
		{673F3634-E7E8-4523-A823-1FAA701AD118}.Debug|Any CPU.ActiveCfg = Debug|Any CPU
		{673F3634-E7E8-4523-A823-1FAA701AD118}.Debug|Any CPU.Build.0 = Debug|Any CPU
		{673F3634-E7E8-4523-A823-1FAA701AD118}.Release|Any CPU.ActiveCfg = Release|Any CPU
		{673F3634-E7E8-4523-A823-1FAA701AD118}.Release|Any CPU.Build.0 = Release|Any CPU
	EndGlobalSection
	GlobalSection(SolutionProperties) = preSolution
		HideSolutionNode = FALSE
	EndGlobalSection
	GlobalSection(ExtensibilityGlobals) = postSolution
		SolutionGuid = {2B3F1234-A9CB-45F8-BF6C-124FD5EDFF27}
	EndGlobalSection
EndGlobal
